
Microsoft Visual Studio Solution File, Format Version 12.00
# Visual Studio Version 16
VisualStudioVersion = 16.0.30011.22
MinimumVisualStudioVersion = 10.0.40219.1
Project("{FAE04EC0-301F-11D3-BF4B-00C04F79EFBC}") = "DEBoarded", "DEBoarded.csproj", "{1AE6F660-535D-49D7-B3CF-FEA6FA6E02CA}"
EndProject
Global
	GlobalSection(SolutionConfigurationPlatforms) = preSolution
		Debug|Any CPU = Debug|Any CPU
		Release|Any CPU = Release|Any CPU
	EndGlobalSection
	GlobalSection(ProjectConfigurationPlatforms) = postSolution
		{1AE6F660-535D-49D7-B3CF-FEA6FA6E02CA}.Debug|Any CPU.ActiveCfg = Debug|Any CPU
		{1AE6F660-535D-49D7-B3CF-FEA6FA6E02CA}.Debug|Any CPU.Build.0 = Debug|Any CPU
		{1AE6F660-535D-49D7-B3CF-FEA6FA6E02CA}.Release|Any CPU.ActiveCfg = Release|Any CPU
		{1AE6F660-535D-49D7-B3CF-FEA6FA6E02CA}.Release|Any CPU.Build.0 = Release|Any CPU
	EndGlobalSection
	GlobalSection(SolutionProperties) = preSolution
		HideSolutionNode = FALSE
	EndGlobalSection
	GlobalSection(ExtensibilityGlobals) = postSolution
		SolutionGuid = {5C33308F-E91B-49E4-90B3-8A16BC288AA6}
	EndGlobalSection
EndGlobal
